
Microsoft Visual Studio Solution File, Format Version 12.00
# Visual Studio 15
VisualStudioVersion = 15.0.26730.12
MinimumVisualStudioVersion = 10.0.40219.1
Project("{9A19103F-16F7-4668-BE54-9A1E7A4F7556}") = "Bottlecap.Net.Notifications", "Bottlecap.Net.Notifications\Bottlecap.Net.Notifications.csproj", "{8149AA19-A0D5-4802-B810-AE39D0327D0B}"
EndProject
Project("{FAE04EC0-301F-11D3-BF4B-00C04F79EFBC}") = "Bottlecap.Net.Notifications.Transporters.SendGrid", "Bottlecap.Net.Notifications.Transporters.Sendgrid\Bottlecap.Net.Notifications.Transporters.SendGrid.csproj", "{5D5CD029-108C-445A-933D-3B504D634D12}"
EndProject
Global
	GlobalSection(SolutionConfigurationPlatforms) = preSolution
		Debug|Any CPU = Debug|Any CPU
		Release|Any CPU = Release|Any CPU
	EndGlobalSection
	GlobalSection(ProjectConfigurationPlatforms) = postSolution
		{8149AA19-A0D5-4802-B810-AE39D0327D0B}.Debug|Any CPU.ActiveCfg = Debug|Any CPU
		{8149AA19-A0D5-4802-B810-AE39D0327D0B}.Debug|Any CPU.Build.0 = Debug|Any CPU
		{8149AA19-A0D5-4802-B810-AE39D0327D0B}.Release|Any CPU.ActiveCfg = Release|Any CPU
		{8149AA19-A0D5-4802-B810-AE39D0327D0B}.Release|Any CPU.Build.0 = Release|Any CPU
		{5D5CD029-108C-445A-933D-3B504D634D12}.Debug|Any CPU.ActiveCfg = Debug|Any CPU
		{5D5CD029-108C-445A-933D-3B504D634D12}.Debug|Any CPU.Build.0 = Debug|Any CPU
		{5D5CD029-108C-445A-933D-3B504D634D12}.Release|Any CPU.ActiveCfg = Release|Any CPU
		{5D5CD029-108C-445A-933D-3B504D634D12}.Release|Any CPU.Build.0 = Release|Any CPU
	EndGlobalSection
	GlobalSection(SolutionProperties) = preSolution
		HideSolutionNode = FALSE
	EndGlobalSection
	GlobalSection(ExtensibilityGlobals) = postSolution
		SolutionGuid = {699C2753-6EEB-4989-B29A-DA6B2A5EA9F4}
	EndGlobalSection
EndGlobal
